
Microsoft Visual Studio Solution File, Format Version 12.00
# Visual Studio Version 17
VisualStudioVersion = 17.10.35122.118
MinimumVisualStudioVersion = 10.0.40219.1
Project("{FAE04EC0-301F-11D3-BF4B-00C04F79EFBC}") = "minesweep", "minesweep\minesweep.csproj", "{0CB34E5B-FFAA-458C-B01F-35E87D14149E}"
EndProject
Global
	GlobalSection(SolutionConfigurationPlatforms) = preSolution
		Debug|Any CPU = Debug|Any CPU
		Release|Any CPU = Release|Any CPU
	EndGlobalSection
	GlobalSection(ProjectConfigurationPlatforms) = postSolution
		{0CB34E5B-FFAA-458C-B01F-35E87D14149E}.Debug|Any CPU.ActiveCfg = Debug|Any CPU
		{0CB34E5B-FFAA-458C-B01F-35E87D14149E}.Debug|Any CPU.Build.0 = Debug|Any CPU
		{0CB34E5B-FFAA-458C-B01F-35E87D14149E}.Release|Any CPU.ActiveCfg = Release|Any CPU
		{0CB34E5B-FFAA-458C-B01F-35E87D14149E}.Release|Any CPU.Build.0 = Release|Any CPU
	EndGlobalSection
	GlobalSection(SolutionProperties) = preSolution
		HideSolutionNode = FALSE
	EndGlobalSection
	GlobalSection(ExtensibilityGlobals) = postSolution
		SolutionGuid = {F83F848D-F4B5-46CA-B43B-68C55881869F}
	EndGlobalSection
EndGlobal
